
Microsoft Visual Studio Solution File, Format Version 12.00
# Visual Studio Version 17
VisualStudioVersion = 17.0.32014.148
MinimumVisualStudioVersion = 10.0.40219.1
Project("{FAE04EC0-301F-11D3-BF4B-00C04F79EFBC}") = "BrainLinkConnect", "BrainLinkConnect.csproj", "{6C0CB568-8F17-4808-B859-C7BB9510C149}"
EndProject
Project("{2150E333-8FDC-42A3-9474-1A3956D46DE8}") = "Элементы решения", "Элементы решения", "{F9DFDA6E-A960-4B69-A9A9-CA66D069E2C8}"
EndProject
Project("{FAE04EC0-301F-11D3-BF4B-00C04F79EFBC}") = "Library", "..\Library\Library.csproj", "{37FBE4C4-92A4-442D-987C-AB760297C23F}"
EndProject
Global
	GlobalSection(SolutionConfigurationPlatforms) = preSolution
		Debug|Any CPU = Debug|Any CPU
		Release|Any CPU = Release|Any CPU
	EndGlobalSection
	GlobalSection(ProjectConfigurationPlatforms) = postSolution
		{6C0CB568-8F17-4808-B859-C7BB9510C149}.Debug|Any CPU.ActiveCfg = Debug|Any CPU
		{6C0CB568-8F17-4808-B859-C7BB9510C149}.Debug|Any CPU.Build.0 = Debug|Any CPU
		{6C0CB568-8F17-4808-B859-C7BB9510C149}.Release|Any CPU.ActiveCfg = Release|Any CPU
		{6C0CB568-8F17-4808-B859-C7BB9510C149}.Release|Any CPU.Build.0 = Release|Any CPU
		{37FBE4C4-92A4-442D-987C-AB760297C23F}.Debug|Any CPU.ActiveCfg = Debug|Any CPU
		{37FBE4C4-92A4-442D-987C-AB760297C23F}.Debug|Any CPU.Build.0 = Debug|Any CPU
		{37FBE4C4-92A4-442D-987C-AB760297C23F}.Release|Any CPU.ActiveCfg = Release|Any CPU
		{37FBE4C4-92A4-442D-987C-AB760297C23F}.Release|Any CPU.Build.0 = Release|Any CPU
	EndGlobalSection
	GlobalSection(SolutionProperties) = preSolution
		HideSolutionNode = FALSE
	EndGlobalSection
	GlobalSection(ExtensibilityGlobals) = postSolution
		SolutionGuid = {63CE0F02-E156-49C6-8C07-2139937499AB}
	EndGlobalSection
EndGlobal
